
Microsoft Visual Studio Solution File, Format Version 12.00
# Visual Studio Version 16
VisualStudioVersion = 16.0.29728.190
MinimumVisualStudioVersion = 10.0.40219.1
Project("{9A19103F-16F7-4668-BE54-9A1E7A4F7556}") = "PoConverterConsole", "PoConverterConsole.csproj", "{B0EB00C5-E55A-4F21-A575-5889E5C3516D}"
EndProject
Global
	GlobalSection(SolutionConfigurationPlatforms) = preSolution
		Debug|Any CPU = Debug|Any CPU
		Release|Any CPU = Release|Any CPU
	EndGlobalSection
	GlobalSection(ProjectConfigurationPlatforms) = postSolution
		{B0EB00C5-E55A-4F21-A575-5889E5C3516D}.Debug|Any CPU.ActiveCfg = Debug|Any CPU
		{B0EB00C5-E55A-4F21-A575-5889E5C3516D}.Debug|Any CPU.Build.0 = Debug|Any CPU
		{B0EB00C5-E55A-4F21-A575-5889E5C3516D}.Release|Any CPU.ActiveCfg = Release|Any CPU
		{B0EB00C5-E55A-4F21-A575-5889E5C3516D}.Release|Any CPU.Build.0 = Release|Any CPU
	EndGlobalSection
	GlobalSection(SolutionProperties) = preSolution
		HideSolutionNode = FALSE
	EndGlobalSection
	GlobalSection(ExtensibilityGlobals) = postSolution
		SolutionGuid = {B9C82216-AE08-4418-AB4B-DBA50642D570}
	EndGlobalSection
EndGlobal
